PODS:
  - Kingfisher (8.3.1)
  - Yoga (0.0.0)

DEPENDENCIES:
  - Kingfisher (~> 8.3)
  - Yoga (from `https://github.com/squirelboy360/yoga.git`)

SPEC REPOS:
  trunk:
    - Kingfisher

EXTERNAL SOURCES:
  Yoga:
    :git: https://github.com/squirelboy360/yoga.git

CHECKOUT OPTIONS:
  Yoga:
    :commit: 6455a848a76f433bdb48b2640b7f4644774c76fd
    :git: https://github.com/squirelboy360/yoga.git

SPEC CHECKSUMS:
  Kingfisher: 3204d23de16b5ea53541c44ca5a8efb55741dec3
  Yoga: 8e9eab0c6275f1896490dd5f6638be12d57741ac

PODFILE CHECKSUM: 9e85b9437fae9d4a5bb69ca58f06add35206265f

COCOAPODS: 1.16.2
